
Microsoft Visual Studio Solution File, Format Version 12.00
# Visual Studio Version 17
VisualStudioVersion = 17.3.32825.248
MinimumVisualStudioVersion = 10.0.40219.1
Project("{2150E333-8FDC-42A3-9474-1A3956D46DE8}") = "src", "src", "{42CF46C0-9EBE-4A83-8076-8240432E0ECD}"
EndProject
Project("{2150E333-8FDC-42A3-9474-1A3956D46DE8}") = "Core", "Core", "{E7E9A25F-7AE5-4AEB-948A-2A1D8C0D3D4A}"
EndProject
Project("{2150E333-8FDC-42A3-9474-1A3956D46DE8}") = "Projects", "Projects", "{B5F30BDC-10C5-4459-9300-7DCD0F347C32}"
EndProject
Project("{9A19103F-16F7-4668-BE54-9A1E7A4F7556}") = "Core.Application", "src\Core\Core.Application\Core.Application.csproj", "{A96A16F0-4DA8-48D3-8ED5-40A595CB206D}"
EndProject
Project("{9A19103F-16F7-4668-BE54-9A1E7A4F7556}") = "Core.Security", "src\Core\Core.Security\Core.Security.csproj", "{4815B5CD-A5CA-40D1-ABE0-0827F3B9837E}"
EndProject
Project("{2150E333-8FDC-42A3-9474-1A3956D46DE8}") = "JWTAuth", "JWTAuth", "{D388CBCD-6747-4401-BF8B-03B72B710F63}"
EndProject
Project("{2150E333-8FDC-42A3-9474-1A3956D46DE8}") = "Core", "Core", "{5219AC77-AE46-42FF-85AF-01F26027E5A3}"
EndProject
Project("{9A19103F-16F7-4668-BE54-9A1E7A4F7556}") = "Domain", "src\Projects\JWTAuth\Core\Domain\Domain.csproj", "{402C09AB-CAE2-4A4B-883F-1048488FB54D}"
EndProject
Project("{2150E333-8FDC-42A3-9474-1A3956D46DE8}") = "Infrastructure", "Infrastructure", "{ED1C9259-1734-4012-9D67-D0EA123E0A1B}"
EndProject
Project("{9A19103F-16F7-4668-BE54-9A1E7A4F7556}") = "Persistence", "src\Projects\JWTAuth\Infrastructure\Persistence\Persistence.csproj", "{9F509EF3-3C2B-4931-94B1-70154E0A90F8}"
EndProject
Project("{9A19103F-16F7-4668-BE54-9A1E7A4F7556}") = "Application", "src\Projects\JWTAuth\Core\Application\Application.csproj", "{0699FFBA-0136-4A0B-9966-771579D07F7E}"
EndProject
Project("{9A19103F-16F7-4668-BE54-9A1E7A4F7556}") = "Core.CrossCuttingConcerns", "src\Core\Core.CrossCuttingConcerns\Core.CrossCuttingConcerns.csproj", "{638866A9-EE91-4FFB-813E-596AC259245B}"
EndProject
Project("{2150E333-8FDC-42A3-9474-1A3956D46DE8}") = "Presentation", "Presentation", "{22CC6E5E-1BF0-46AD-9546-E704FB14E527}"
EndProject
Project("{FAE04EC0-301F-11D3-BF4B-00C04F79EFBC}") = "WebAPI", "src\Projects\JWTAuth\Presentation\WebAPI\WebAPI.csproj", "{3150CF70-6605-418B-B8EE-922812BF7A0F}"
EndProject
Global
	GlobalSection(SolutionConfigurationPlatforms) = preSolution
		Debug|Any CPU = Debug|Any CPU
		Release|Any CPU = Release|Any CPU
	EndGlobalSection
	GlobalSection(ProjectConfigurationPlatforms) = postSolution
		{A96A16F0-4DA8-48D3-8ED5-40A595CB206D}.Debug|Any CPU.ActiveCfg = Debug|Any CPU
		{A96A16F0-4DA8-48D3-8ED5-40A595CB206D}.Debug|Any CPU.Build.0 = Debug|Any CPU
		{A96A16F0-4DA8-48D3-8ED5-40A595CB206D}.Release|Any CPU.ActiveCfg = Release|Any CPU
		{A96A16F0-4DA8-48D3-8ED5-40A595CB206D}.Release|Any CPU.Build.0 = Release|Any CPU
		{4815B5CD-A5CA-40D1-ABE0-0827F3B9837E}.Debug|Any CPU.ActiveCfg = Debug|Any CPU
		{4815B5CD-A5CA-40D1-ABE0-0827F3B9837E}.Debug|Any CPU.Build.0 = Debug|Any CPU
		{4815B5CD-A5CA-40D1-ABE0-0827F3B9837E}.Release|Any CPU.ActiveCfg = Release|Any CPU
		{4815B5CD-A5CA-40D1-ABE0-0827F3B9837E}.Release|Any CPU.Build.0 = Release|Any CPU
		{402C09AB-CAE2-4A4B-883F-1048488FB54D}.Debug|Any CPU.ActiveCfg = Debug|Any CPU
		{402C09AB-CAE2-4A4B-883F-1048488FB54D}.Debug|Any CPU.Build.0 = Debug|Any CPU
		{402C09AB-CAE2-4A4B-883F-1048488FB54D}.Release|Any CPU.ActiveCfg = Release|Any CPU
		{402C09AB-CAE2-4A4B-883F-1048488FB54D}.Release|Any CPU.Build.0 = Release|Any CPU
		{9F509EF3-3C2B-4931-94B1-70154E0A90F8}.Debug|Any CPU.ActiveCfg = Debug|Any CPU
		{9F509EF3-3C2B-4931-94B1-70154E0A90F8}.Debug|Any CPU.Build.0 = Debug|Any CPU
		{9F509EF3-3C2B-4931-94B1-70154E0A90F8}.Release|Any CPU.ActiveCfg = Release|Any CPU
		{9F509EF3-3C2B-4931-94B1-70154E0A90F8}.Release|Any CPU.Build.0 = Release|Any CPU
		{0699FFBA-0136-4A0B-9966-771579D07F7E}.Debug|Any CPU.ActiveCfg = Debug|Any CPU
		{0699FFBA-0136-4A0B-9966-771579D07F7E}.Debug|Any CPU.Build.0 = Debug|Any CPU
		{0699FFBA-0136-4A0B-9966-771579D07F7E}.Release|Any CPU.ActiveCfg = Release|Any CPU
		{0699FFBA-0136-4A0B-9966-771579D07F7E}.Release|Any CPU.Build.0 = Release|Any CPU
		{638866A9-EE91-4FFB-813E-596AC259245B}.Debug|Any CPU.ActiveCfg = Debug|Any CPU
		{638866A9-EE91-4FFB-813E-596AC259245B}.Debug|Any CPU.Build.0 = Debug|Any CPU
		{638866A9-EE91-4FFB-813E-596AC259245B}.Release|Any CPU.ActiveCfg = Release|Any CPU
		{638866A9-EE91-4FFB-813E-596AC259245B}.Release|Any CPU.Build.0 = Release|Any CPU
		{3150CF70-6605-418B-B8EE-922812BF7A0F}.Debug|Any CPU.ActiveCfg = Debug|Any CPU
		{3150CF70-6605-418B-B8EE-922812BF7A0F}.Debug|Any CPU.Build.0 = Debug|Any CPU
		{3150CF70-6605-418B-B8EE-922812BF7A0F}.Release|Any CPU.ActiveCfg = Release|Any CPU
		{3150CF70-6605-418B-B8EE-922812BF7A0F}.Release|Any CPU.Build.0 = Release|Any CPU
	EndGlobalSection
	GlobalSection(SolutionProperties) = preSolution
		HideSolutionNode = FALSE
	EndGlobalSection
	GlobalSection(NestedProjects) = preSolution
		{E7E9A25F-7AE5-4AEB-948A-2A1D8C0D3D4A} = {42CF46C0-9EBE-4A83-8076-8240432E0ECD}
		{B5F30BDC-10C5-4459-9300-7DCD0F347C32} = {42CF46C0-9EBE-4A83-8076-8240432E0ECD}
		{A96A16F0-4DA8-48D3-8ED5-40A595CB206D} = {E7E9A25F-7AE5-4AEB-948A-2A1D8C0D3D4A}
		{4815B5CD-A5CA-40D1-ABE0-0827F3B9837E} = {E7E9A25F-7AE5-4AEB-948A-2A1D8C0D3D4A}
		{D388CBCD-6747-4401-BF8B-03B72B710F63} = {B5F30BDC-10C5-4459-9300-7DCD0F347C32}
		{5219AC77-AE46-42FF-85AF-01F26027E5A3} = {D388CBCD-6747-4401-BF8B-03B72B710F63}
		{402C09AB-CAE2-4A4B-883F-1048488FB54D} = {5219AC77-AE46-42FF-85AF-01F26027E5A3}
		{ED1C9259-1734-4012-9D67-D0EA123E0A1B} = {D388CBCD-6747-4401-BF8B-03B72B710F63}
		{9F509EF3-3C2B-4931-94B1-70154E0A90F8} = {ED1C9259-1734-4012-9D67-D0EA123E0A1B}
		{0699FFBA-0136-4A0B-9966-771579D07F7E} = {5219AC77-AE46-42FF-85AF-01F26027E5A3}
		{638866A9-EE91-4FFB-813E-596AC259245B} = {E7E9A25F-7AE5-4AEB-948A-2A1D8C0D3D4A}
		{22CC6E5E-1BF0-46AD-9546-E704FB14E527} = {D388CBCD-6747-4401-BF8B-03B72B710F63}
		{3150CF70-6605-418B-B8EE-922812BF7A0F} = {22CC6E5E-1BF0-46AD-9546-E704FB14E527}
	EndGlobalSection
	GlobalSection(ExtensibilityGlobals) = postSolution
		SolutionGuid = {2B464D13-4A9A-4E81-BA76-2533B0F90690}
	EndGlobalSection
EndGlobal
